
Microsoft Visual Studio Solution File, Format Version 12.00
# Visual Studio Version 17
VisualStudioVersion = 17.11.35327.3
MinimumVisualStudioVersion = 10.0.40219.1
Project("{FAE04EC0-301F-11D3-BF4B-00C04F79EFBC}") = "CompanyDataService", "CompanyDataService\CompanyDataService.csproj", "{EE421F7B-F8DB-453F-8DCE-C1A68C995B32}"
EndProject
Global
	GlobalSection(SolutionConfigurationPlatforms) = preSolution
		Debug|Any CPU = Debug|Any CPU
		Release|Any CPU = Release|Any CPU
	EndGlobalSection
	GlobalSection(ProjectConfigurationPlatforms) = postSolution
		{EE421F7B-F8DB-453F-8DCE-C1A68C995B32}.Debug|Any CPU.ActiveCfg = Debug|Any CPU
		{EE421F7B-F8DB-453F-8DCE-C1A68C995B32}.Debug|Any CPU.Build.0 = Debug|Any CPU
		{EE421F7B-F8DB-453F-8DCE-C1A68C995B32}.Release|Any CPU.ActiveCfg = Release|Any CPU
		{EE421F7B-F8DB-453F-8DCE-C1A68C995B32}.Release|Any CPU.Build.0 = Release|Any CPU
	EndGlobalSection
	GlobalSection(SolutionProperties) = preSolution
		HideSolutionNode = FALSE
	EndGlobalSection
	GlobalSection(ExtensibilityGlobals) = postSolution
		SolutionGuid = {67112C50-EC6F-4092-8528-F02D35C1E8E2}
	EndGlobalSection
EndGlobal
